build-essential=12.12
ca-certificates=20250419
coreutils=9.7-3
curl=8.14.1-2+deb13u3
dash=0.5.12-12
file=1:5.46-5
findutils=4.10.0-3
fuse3=3.17.2-3
gcc=4:14.2.0-1
git=1:2.47.3-0+deb13u1
grep=3.11-4+b1
iproute2=6.15.0-1
iptables=1.8.11-2
jq=1.7.1-6+deb13u2
libc-bin=2.41-12+deb13u3
make=4.4.1-2
openssh-server=1:10.0p1-7+deb13u4
pkg-config=1.8.1-4
python3=3.13.5-1
python3-pip=25.1.1+dfsg-1
python3-venv=3.13.5-1
ripgrep=14.1.1-1+b4
rsync=3.4.1+ds1-5+deb13u2
sudo=1.9.16p2-3+deb13u2
tar=1.35+dfsg-3.1
unzip=6.0-29
xz-utils=5.8.1-1
zip=3.0-15
